
Microsoft Visual Studio Solution File, Format Version 12.00
# Visual Studio Version 17
VisualStudioVersion = 17.6.33723.286
MinimumVisualStudioVersion = 10.0.40219.1
Project("{FAE04EC0-301F-11D3-BF4B-00C04F79EFBC}") = "API", "API\API.csproj", "{502958DD-A5FF-497E-A312-E800C5B8A1F5}"
EndProject
Project("{FAE04EC0-301F-11D3-BF4B-00C04F79EFBC}") = "MyWebApp", "MyWebApp\MyWebApp.csproj", "{D58EC236-2AC7-4D33-8BD5-9A639A85F6DB}"
EndProject
Global
	GlobalSection(SolutionConfigurationPlatforms) = preSolution
		Debug|Any CPU = Debug|Any CPU
		Release|Any CPU = Release|Any CPU
	EndGlobalSection
	GlobalSection(ProjectConfigurationPlatforms) = postSolution
		{502958DD-A5FF-497E-A312-E800C5B8A1F5}.Debug|Any CPU.ActiveCfg = Debug|Any CPU
		{502958DD-A5FF-497E-A312-E800C5B8A1F5}.Debug|Any CPU.Build.0 = Debug|Any CPU
		{502958DD-A5FF-497E-A312-E800C5B8A1F5}.Release|Any CPU.ActiveCfg = Release|Any CPU
		{502958DD-A5FF-497E-A312-E800C5B8A1F5}.Release|Any CPU.Build.0 = Release|Any CPU
		{D58EC236-2AC7-4D33-8BD5-9A639A85F6DB}.Debug|Any CPU.ActiveCfg = Debug|Any CPU
		{D58EC236-2AC7-4D33-8BD5-9A639A85F6DB}.Debug|Any CPU.Build.0 = Debug|Any CPU
		{D58EC236-2AC7-4D33-8BD5-9A639A85F6DB}.Release|Any CPU.ActiveCfg = Release|Any CPU
		{D58EC236-2AC7-4D33-8BD5-9A639A85F6DB}.Release|Any CPU.Build.0 = Release|Any CPU
	EndGlobalSection
	GlobalSection(SolutionProperties) = preSolution
		HideSolutionNode = FALSE
	EndGlobalSection
	GlobalSection(ExtensibilityGlobals) = postSolution
		SolutionGuid = {7EA1E161-CA93-47A0-AB36-530E86E49B27}
	EndGlobalSection
EndGlobal
