
Microsoft Visual Studio Solution File, Format Version 12.00
# Visual Studio Version 17
VisualStudioVersion = 17.5.001.0
MinimumVisualStudioVersion = 10.0.40219.1
Project("{9A19103F-16F7-4668-BE54-9A1E7A4F7556}") = "API", "API.csproj", "{D2F47858-22FD-45FD-93A6-DD02D576B47B}"
EndProject
Global
	GlobalSection(SolutionConfigurationPlatforms) = preSolution
		Debug|Any CPU = Debug|Any CPU
		Release|Any CPU = Release|Any CPU
	EndGlobalSection
	GlobalSection(ProjectConfigurationPlatforms) = postSolution
		{D2F47858-22FD-45FD-93A6-DD02D576B47B}.Debug|Any CPU.ActiveCfg = Debug|Any CPU
		{D2F47858-22FD-45FD-93A6-DD02D576B47B}.Debug|Any CPU.Build.0 = Debug|Any CPU
		{D2F47858-22FD-45FD-93A6-DD02D576B47B}.Release|Any CPU.ActiveCfg = Release|Any CPU
		{D2F47858-22FD-45FD-93A6-DD02D576B47B}.Release|Any CPU.Build.0 = Release|Any CPU
	EndGlobalSection
	GlobalSection(SolutionProperties) = preSolution
		HideSolutionNode = FALSE
	EndGlobalSection
	GlobalSection(ExtensibilityGlobals) = postSolution
		SolutionGuid = {3CBBFB56-6757-41BC-A605-1BDF97D2FBBB}
	EndGlobalSection
EndGlobal
